
Microsoft Visual Studio Solution File, Format Version 12.00
# Visual Studio Version 17
VisualStudioVersion = 17.5.002.0
MinimumVisualStudioVersion = 10.0.40219.1
Project("{9A19103F-16F7-4668-BE54-9A1E7A4F7556}") = "officecalender", "officecalender.csproj", "{A3CF452A-0CE4-45EF-806E-DD063306582B}"
EndProject
Global
	GlobalSection(SolutionConfigurationPlatforms) = preSolution
		Debug|Any CPU = Debug|Any CPU
		Release|Any CPU = Release|Any CPU
	EndGlobalSection
	GlobalSection(ProjectConfigurationPlatforms) = postSolution
		{A3CF452A-0CE4-45EF-806E-DD063306582B}.Debug|Any CPU.ActiveCfg = Debug|Any CPU
		{A3CF452A-0CE4-45EF-806E-DD063306582B}.Debug|Any CPU.Build.0 = Debug|Any CPU
		{A3CF452A-0CE4-45EF-806E-DD063306582B}.Release|Any CPU.ActiveCfg = Release|Any CPU
		{A3CF452A-0CE4-45EF-806E-DD063306582B}.Release|Any CPU.Build.0 = Release|Any CPU
	EndGlobalSection
	GlobalSection(SolutionProperties) = preSolution
		HideSolutionNode = FALSE
	EndGlobalSection
	GlobalSection(ExtensibilityGlobals) = postSolution
		SolutionGuid = {314F40B9-2B21-490C-8376-5950B6081E3F}
	EndGlobalSection
EndGlobal
